
Microsoft Visual Studio Solution File, Format Version 12.00
# Visual Studio Version 17
VisualStudioVersion = 17.13.35931.197 d17.13
MinimumVisualStudioVersion = 10.0.40219.1
Project("{FAE04EC0-301F-11D3-BF4B-00C04F79EFBC}") = "ExpenseTracker", "ExpenseTracker\ExpenseTracker.csproj", "{3FF05A77-1C02-4D39-B0D1-A7D990AF74D2}"
EndProject
Project("{FAE04EC0-301F-11D3-BF4B-00C04F79EFBC}") = "BusinessLayer", "BusinessLayer\BusinessLayer.csproj", "{90086880-E4C6-4FCD-9EF2-9C0AEF84C718}"
EndProject
Project("{FAE04EC0-301F-11D3-BF4B-00C04F79EFBC}") = "DataLayer", "DataLayer\DataLayer.csproj", "{90F47E0E-56A7-49F6-98B5-F45BEF58FD0D}"
EndProject
Global
	GlobalSection(SolutionConfigurationPlatforms) = preSolution
		Debug|Any CPU = Debug|Any CPU
		Release|Any CPU = Release|Any CPU
	EndGlobalSection
	GlobalSection(ProjectConfigurationPlatforms) = postSolution
		{3FF05A77-1C02-4D39-B0D1-A7D990AF74D2}.Debug|Any CPU.ActiveCfg = Debug|Any CPU
		{3FF05A77-1C02-4D39-B0D1-A7D990AF74D2}.Debug|Any CPU.Build.0 = Debug|Any CPU
		{3FF05A77-1C02-4D39-B0D1-A7D990AF74D2}.Release|Any CPU.ActiveCfg = Release|Any CPU
		{3FF05A77-1C02-4D39-B0D1-A7D990AF74D2}.Release|Any CPU.Build.0 = Release|Any CPU
		{90086880-E4C6-4FCD-9EF2-9C0AEF84C718}.Debug|Any CPU.ActiveCfg = Debug|Any CPU
		{90086880-E4C6-4FCD-9EF2-9C0AEF84C718}.Debug|Any CPU.Build.0 = Debug|Any CPU
		{90086880-E4C6-4FCD-9EF2-9C0AEF84C718}.Release|Any CPU.ActiveCfg = Release|Any CPU
		{90086880-E4C6-4FCD-9EF2-9C0AEF84C718}.Release|Any CPU.Build.0 = Release|Any CPU
		{90F47E0E-56A7-49F6-98B5-F45BEF58FD0D}.Debug|Any CPU.ActiveCfg = Debug|Any CPU
		{90F47E0E-56A7-49F6-98B5-F45BEF58FD0D}.Debug|Any CPU.Build.0 = Debug|Any CPU
		{90F47E0E-56A7-49F6-98B5-F45BEF58FD0D}.Release|Any CPU.ActiveCfg = Release|Any CPU
		{90F47E0E-56A7-49F6-98B5-F45BEF58FD0D}.Release|Any CPU.Build.0 = Release|Any CPU
	EndGlobalSection
	GlobalSection(SolutionProperties) = preSolution
		HideSolutionNode = FALSE
	EndGlobalSection
	GlobalSection(ExtensibilityGlobals) = postSolution
		SolutionGuid = {4DBAF54A-C31A-49D8-B918-B2B60CAD9B7C}
	EndGlobalSection
EndGlobal
